
Microsoft Visual Studio Solution File, Format Version 12.00
# Visual Studio 14
VisualStudioVersion = 14.0.25420.1
MinimumVisualStudioVersion = 10.0.40219.1
Project("{FAE04EC0-301F-11D3-BF4B-00C04F79EFBC}") = "Core", "Core\Core.csproj", "{E7D43E47-0521-4A70-9047-8602F72785EC}"
EndProject
Project("{FAE04EC0-301F-11D3-BF4B-00C04F79EFBC}") = "Interface", "Interface\Interface.csproj", "{5A76A956-15C4-4AF0-B70B-0DB48E36148F}"
EndProject
Project("{FAE04EC0-301F-11D3-BF4B-00C04F79EFBC}") = "UnitTestProject1", "UnitTestProject1\UnitTestProject1.csproj", "{DBA59B6C-0DA6-43C6-9BFF-406D495AB318}"
EndProject
Global
	GlobalSection(SolutionConfigurationPlatforms) = preSolution
		Debug|Any CPU = Debug|Any CPU
		Release|Any CPU = Release|Any CPU
	EndGlobalSection
	GlobalSection(ProjectConfigurationPlatforms) = postSolution
		{E7D43E47-0521-4A70-9047-8602F72785EC}.Debug|Any CPU.ActiveCfg = Debug|Any CPU
		{E7D43E47-0521-4A70-9047-8602F72785EC}.Debug|Any CPU.Build.0 = Debug|Any CPU
		{E7D43E47-0521-4A70-9047-8602F72785EC}.Release|Any CPU.ActiveCfg = Release|Any CPU
		{E7D43E47-0521-4A70-9047-8602F72785EC}.Release|Any CPU.Build.0 = Release|Any CPU
		{5A76A956-15C4-4AF0-B70B-0DB48E36148F}.Debug|Any CPU.ActiveCfg = Debug|Any CPU
		{5A76A956-15C4-4AF0-B70B-0DB48E36148F}.Debug|Any CPU.Build.0 = Debug|Any CPU
		{5A76A956-15C4-4AF0-B70B-0DB48E36148F}.Release|Any CPU.ActiveCfg = Release|Any CPU
		{5A76A956-15C4-4AF0-B70B-0DB48E36148F}.Release|Any CPU.Build.0 = Release|Any CPU
		{DBA59B6C-0DA6-43C6-9BFF-406D495AB318}.Debug|Any CPU.ActiveCfg = Debug|Any CPU
		{DBA59B6C-0DA6-43C6-9BFF-406D495AB318}.Debug|Any CPU.Build.0 = Debug|Any CPU
		{DBA59B6C-0DA6-43C6-9BFF-406D495AB318}.Release|Any CPU.ActiveCfg = Release|Any CPU
		{DBA59B6C-0DA6-43C6-9BFF-406D495AB318}.Release|Any CPU.Build.0 = Release|Any CPU
	EndGlobalSection
	GlobalSection(SolutionProperties) = preSolution
		HideSolutionNode = FALSE
	EndGlobalSection
EndGlobal
